// !$*UTF8*$!
{
	archiveVersion = 1;
	classes = {
	};
	objectVersion = 56;
	objects = {

/* Begin PBXBuildFile section */
		7FB480A52C0DDDE500D59AAB /* AppDelegate.swift in Sources */ = {isa = PBXBuildFile; fileRef = 7FB480A42C0DDDE500D59AAB /* AppDelegate.swift */; };
		7FB480A72C0DDDE500D59AAB /* SceneDelegate.swift in Sources */ = {isa = PBXBuildFile; fileRef = 7FB480A62C0DDDE500D59AAB /* SceneDelegate.swift */; };
		7FB480A92C0DDDE500D59AAB /* ViewController.swift in Sources */ = {isa = PBXBuildFile; fileRef = 7FB480A82C0DDDE500D59AAB /* ViewController.swift */; };
		7FB480AF2C0DDDE500D59AAB /* Notebookt.xcdatamodeld in Sources */ = {isa = PBXBuildFile; fileRef = 7FB480AD2C0DDDE500D59AAB /* Notebookt.xcdatamodeld */; };
		7FB480B12C0DDDE600D59AAB /* Assets.xcassets in Resources */ = {isa = PBXBuildFile; fileRef = 7FB480B02C0DDDE600D59AAB /* Assets.xcassets */; };
		7FB480B42C0DDDE600D59AAB /* LaunchScreen.storyboard in Resources */ = {isa = PBXBuildFile; fileRef = 7FB480B22C0DDDE600D59AAB /* LaunchScreen.storyboard */; };
		7FB480BF2C0DDDE600D59AAB /* NotebooktTests.swift in Sources */ = {isa = PBXBuildFile; fileRef = 7FB480BE2C0DDDE600D59AAB /* NotebooktTests.swift */; };
		7FB480C92C0DDDE600D59AAB /* NotebooktUITests.swift in Sources */ = {isa = PBXBuildFile; fileRef = 7FB480C82C0DDDE600D59AAB /* NotebooktUITests.swift */; };
		7FB480CB2C0DDDE600D59AAB /* NotebooktUITestsLaunchTests.swift in Sources */ = {isa = PBXBuildFile; fileRef = 7FB480CA2C0DDDE600D59AAB /* NotebooktUITestsLaunchTests.swift */; };
		7FB480DB2C0DE51000D59AAB /* notesBaseView.swift in Sources */ = {isa = PBXBuildFile; fileRef = 7FB480DA2C0DE51000D59AAB /* notesBaseView.swift */; };
		7FB480DD2C0DE52B00D59AAB /* notesModelClass.swift in Sources */ = {isa = PBXBuildFile; fileRef = 7FB480DC2C0DE52B00D59AAB /* notesModelClass.swift */; };
		7FB480DF2C0DE57400D59AAB /* notesViewModel.swift in Sources */ = {isa = PBXBuildFile; fileRef = 7FB480DE2C0DE57400D59AAB /* notesViewModel.swift */; };
		7FB480E52C0DE76500D59AAB /* coreDataBase.swift in Sources */ = {isa = PBXBuildFile; fileRef = 7FB480E42C0DE76500D59AAB /* coreDataBase.swift */; };
/* End PBXBuildFile section */

/* Begin PBXContainerItemProxy section */
		7FB480BB2C0DDDE600D59AAB /* PBXContainerItemProxy */ = {
			isa = PBXContainerItemProxy;
			containerPortal = 7FB480992C0DDDE500D59AAB /* Project object */;
			proxyType = 1;
			remoteGlobalIDString = 7FB480A02C0DDDE500D59AAB;
			remoteInfo = Notebookt;
		};
		7FB480C52C0DDDE600D59AAB /* PBXContainerItemProxy */ = {
			isa = PBXContainerItemProxy;
			containerPortal = 7FB480992C0DDDE500D59AAB /* Project object */;
			proxyType = 1;
			remoteGlobalIDString = 7FB480A02C0DDDE500D59AAB;
			remoteInfo = Notebookt;
		};
/* End PBXContainerItemProxy section */

/* Begin PBXFileReference section */
		7FB480A12C0DDDE500D59AAB /* Notebookt.app */ = {isa = PBXFileReference; explicitFileType = wrapper.application; includeInIndex = 0; path = Notebookt.app; sourceTree = BUILT_PRODUCTS_DIR; };
		7FB480A42C0DDDE500D59AAB /* AppDelegate.swift */ = {isa = PBXFileReference; lastKnownFileType = sourcecode.swift; path = AppDelegate.swift; sourceTree = "<group>"; };
		7FB480A62C0DDDE500D59AAB /* SceneDelegate.swift */ = {isa = PBXFileReference; lastKnownFileType = sourcecode.swift; path = SceneDelegate.swift; sourceTree = "<group>"; };
		7FB480A82C0DDDE500D59AAB /* ViewController.swift */ = {isa = PBXFileReference; lastKnownFileType = sourcecode.swift; path = ViewController.swift; sourceTree = "<group>"; };
		7FB480AE2C0DDDE500D59AAB /* Notebookt.xcdatamodel */ = {isa = PBXFileReference; lastKnownFileType = wrapper.xcdatamodel; path = Notebookt.xcdatamodel; sourceTree = "<group>"; };
		7FB480B02C0DDDE600D59AAB /* Assets.xcassets */ = {isa = PBXFileReference; lastKnownFileType = folder.assetcatalog; path = Assets.xcassets; sourceTree = "<group>"; };
		7FB480B32C0DDDE600D59AAB /* Base */ = {isa = PBXFileReference; lastKnownFileType = file.storyboard; name = Base; path = Base.lproj/LaunchScreen.storyboard; sourceTree = "<group>"; };
		7FB480B52C0DDDE600D59AAB /* Info.plist */ = {isa = PBXFileReference; lastKnownFileType = text.plist.xml; path = Info.plist; sourceTree = "<group>"; };
		7FB480BA2C0DDDE600D59AAB /* NotebooktTests.xctest */ = {isa = PBXFileReference; explicitFileType = wrapper.cfbundle; includeInIndex = 0; path = NotebooktTests.xctest; sourceTree = BUILT_PRODUCTS_DIR; };
		7FB480BE2C0DDDE600D59AAB /* NotebooktTests.swift */ = {isa = PBXFileReference; lastKnownFileType = sourcecode.swift; path = NotebooktTests.swift; sourceTree = "<group>"; };
		7FB480C42C0DDDE600D59AAB /* NotebooktUITests.xctest */ = {isa = PBXFileReference; explicitFileType = wrapper.cfbundle; includeInIndex = 0; path = NotebooktUITests.xctest; sourceTree = BUILT_PRODUCTS_DIR; };
		7FB480C82C0DDDE600D59AAB /* NotebooktUITests.swift */ = {isa = PBXFileReference; lastKnownFileType = sourcecode.swift; path = NotebooktUITests.swift; sourceTree = "<group>"; };
		7FB480CA2C0DDDE600D59AAB /* NotebooktUITestsLaunchTests.swift */ = {isa = PBXFileReference; lastKnownFileType = sourcecode.swift; path = NotebooktUITestsLaunchTests.swift; sourceTree = "<group>"; };
		7FB480DA2C0DE51000D59AAB /* notesBaseView.swift */ = {isa = PBXFileReference; lastKnownFileType = sourcecode.swift; path = notesBaseView.swift; sourceTree = "<group>"; };
		7FB480DC2C0DE52B00D59AAB /* notesModelClass.swift */ = {isa = PBXFileReference; lastKnownFileType = sourcecode.swift; path = notesModelClass.swift; sourceTree = "<group>"; };
		7FB480DE2C0DE57400D59AAB /* notesViewModel.swift */ = {isa = PBXFileReference; lastKnownFileType = sourcecode.swift; path = notesViewModel.swift; sourceTree = "<group>"; };
		7FB480E42C0DE76500D59AAB /* coreDataBase.swift */ = {isa = PBXFileReference; lastKnownFileType = sourcecode.swift; path = coreDataBase.swift; sourceTree = "<group>"; };
/* End PBXFileReference section */

/* Begin PBXFrameworksBuildPhase section */
		7FB4809E2C0DDDE500D59AAB /* Frameworks */ = {
			isa = PBXFrameworksBuildPhase;
			buildActionMask = 2147483647;
			files = (
			);
			runOnlyForDeploymentPostprocessing = 0;
		};
		7FB480B72C0DDDE600D59AAB /* Frameworks */ = {
			isa = PBXFrameworksBuildPhase;
			buildActionMask = 2147483647;
			files = (
			);
			runOnlyForDeploymentPostprocessing = 0;
		};
		7FB480C12C0DDDE600D59AAB /* Frameworks */ = {
			isa = PBXFrameworksBuildPhase;
			buildActionMask = 2147483647;
			files = (
			);
			runOnlyForDeploymentPostprocessing = 0;
		};
/* End PBXFrameworksBuildPhase section */

/* Begin PBXGroup section */
		7FB480982C0DDDE500D59AAB = {
			isa = PBXGroup;
			children = (
				7FB480A32C0DDDE500D59AAB /* Notebookt */,
				7FB480BD2C0DDDE600D59AAB /* NotebooktTests */,
				7FB480C72C0DDDE600D59AAB /* NotebooktUITests */,
				7FB480A22C0DDDE500D59AAB /* Products */,
			);
			sourceTree = "<group>";
		};
		7FB480A22C0DDDE500D59AAB /* Products */ = {
			isa = PBXGroup;
			children = (
				7FB480A12C0DDDE500D59AAB /* Notebookt.app */,
				7FB480BA2C0DDDE600D59AAB /* NotebooktTests.xctest */,
				7FB480C42C0DDDE600D59AAB /* NotebooktUITests.xctest */,
			);
			name = Products;
			sourceTree = "<group>";
		};
		7FB480A32C0DDDE500D59AAB /* Notebookt */ = {
			isa = PBXGroup;
			children = (
				7FB480E32C0DE75600D59AAB /* Core Data Base */,
				7FB480D92C0DE4FE00D59AAB /* View Model */,
				7FB480D82C0DE4F500D59AAB /* Model */,
				7FB480D72C0DE4E900D59AAB /* View */,
				7FB480A42C0DDDE500D59AAB /* AppDelegate.swift */,
				7FB480A62C0DDDE500D59AAB /* SceneDelegate.swift */,
				7FB480A82C0DDDE500D59AAB /* ViewController.swift */,
				7FB480B02C0DDDE600D59AAB /* Assets.xcassets */,
				7FB480B22C0DDDE600D59AAB /* LaunchScreen.storyboard */,
				7FB480B52C0DDDE600D59AAB /* Info.plist */,
				7FB480AD2C0DDDE500D59AAB /* Notebookt.xcdatamodeld */,
			);
			path = Notebookt;
			sourceTree = "<group>";
		};
		7FB480BD2C0DDDE600D59AAB /* NotebooktTests */ = {
			isa = PBXGroup;
			children = (
				7FB480BE2C0DDDE600D59AAB /* NotebooktTests.swift */,
			);
			path = NotebooktTests;
			sourceTree = "<group>";
		};
		7FB480C72C0DDDE600D59AAB /* NotebooktUITests */ = {
			isa = PBXGroup;
			children = (
				7FB480C82C0DDDE600D59AAB /* NotebooktUITests.swift */,
				7FB480CA2C0DDDE600D59AAB /* NotebooktUITestsLaunchTests.swift */,
			);
			path = NotebooktUITests;
			sourceTree = "<group>";
		};
		7FB480D72C0DE4E900D59AAB /* View */ = {
			isa = PBXGroup;
			children = (
				7FB480DA2C0DE51000D59AAB /* notesBaseView.swift */,
			);
			path = View;
			sourceTree = "<group>";
		};
		7FB480D82C0DE4F500D59AAB /* Model */ = {
			isa = PBXGroup;
			children = (
				7FB480DC2C0DE52B00D59AAB /* notesModelClass.swift */,
			);
			path = Model;
			sourceTree = "<group>";
		};
		7FB480D92C0DE4FE00D59AAB /* View Model */ = {
			isa = PBXGroup;
			children = (
				7FB480DE2C0DE57400D59AAB /* notesViewModel.swift */,
			);
			path = "View Model";
			sourceTree = "<group>";
		};
		7FB480E32C0DE75600D59AAB /* Core Data Base */ = {
			isa = PBXGroup;
			children = (
				7FB480E42C0DE76500D59AAB /* coreDataBase.swift */,
			);
			path = "Core Data Base";
			sourceTree = "<group>";
		};
/* End PBXGroup section */

/* Begin PBXNativeTarget section */
		7FB480A02C0DDDE500D59AAB /* Notebookt */ = {
			isa = PBXNativeTarget;
			buildConfigurationList = 7FB480CE2C0DDDE600D59AAB /* Build configuration list for PBXNativeTarget "Notebookt" */;
			buildPhases = (
				7FB4809D2C0DDDE500D59AAB /* Sources */,
				7FB4809E2C0DDDE500D59AAB /* Frameworks */,
				7FB4809F2C0DDDE500D59AAB /* Resources */,
			);
			buildRules = (
			);
			dependencies = (
			);
			name = Notebookt;
			productName = Notebookt;
			productReference = 7FB480A12C0DDDE500D59AAB /* Notebookt.app */;
			productType = "com.apple.product-type.application";
		};
		7FB480B92C0DDDE600D59AAB /* NotebooktTests */ = {
			isa = PBXNativeTarget;
			buildConfigurationList = 7FB480D12C0DDDE600D59AAB /* Build configuration list for PBXNativeTarget "NotebooktTests" */;
			buildPhases = (
				7FB480B62C0DDDE600D59AAB /* Sources */,
				7FB480B72C0DDDE600D59AAB /* Frameworks */,
				7FB480B82C0DDDE600D59AAB /* Resources */,
			);
			buildRules = (
			);
			dependencies = (
				7FB480BC2C0DDDE600D59AAB /* PBXTargetDependency */,
			);
			name = NotebooktTests;
			productName = NotebooktTests;
			productReference = 7FB480BA2C0DDDE600D59AAB /* NotebooktTests.xctest */;
			productType = "com.apple.product-type.bundle.unit-test";
		};
		7FB480C32C0DDDE600D59AAB /* NotebooktUITests */ = {
			isa = PBXNativeTarget;
			buildConfigurationList = 7FB480D42C0DDDE600D59AAB /* Build configuration list for PBXNativeTarget "NotebooktUITests" */;
			buildPhases = (
				7FB480C02C0DDDE600D59AAB /* Sources */,
				7FB480C12C0DDDE600D59AAB /* Frameworks */,
				7FB480C22C0DDDE600D59AAB /* Resources */,
			);
			buildRules = (
			);
			dependencies = (
				7FB480C62C0DDDE600D59AAB /* PBXTargetDependency */,
			);
			name = NotebooktUITests;
			productName = NotebooktUITests;
			productReference = 7FB480C42C0DDDE600D59AAB /* NotebooktUITests.xctest */;
			productType = "com.apple.product-type.bundle.ui-testing";
		};
/* End PBXNativeTarget section */

/* Begin PBXProject section */
		7FB480992C0DDDE500D59AAB /* Project object */ = {
			isa = PBXProject;
			attributes = {
				BuildIndependentTargetsInParallel = 1;
				LastSwiftUpdateCheck = 1500;
				LastUpgradeCheck = 1500;
				TargetAttributes = {
					7FB480A02C0DDDE500D59AAB = {
						CreatedOnToolsVersion = 15.0.1;
					};
					7FB480B92C0DDDE600D59AAB = {
						CreatedOnToolsVersion = 15.0.1;
						TestTargetID = 7FB480A02C0DDDE500D59AAB;
					};
					7FB480C32C0DDDE600D59AAB = {
						CreatedOnToolsVersion = 15.0.1;
						TestTargetID = 7FB480A02C0DDDE500D59AAB;
					};
				};
			};
			buildConfigurationList = 7FB4809C2C0DDDE500D59AAB /* Build configuration list for PBXProject "Notebookt" */;
			compatibilityVersion = "Xcode 14.0";
			developmentRegion = en;
			hasScannedForEncodings = 0;
			knownRegions = (
				en,
				Base,
			);
			mainGroup = 7FB480982C0DDDE500D59AAB;
			productRefGroup = 7FB480A22C0DDDE500D59AAB /* Products */;
			projectDirPath = "";
			projectRoot = "";
			targets = (
				7FB480A02C0DDDE500D59AAB /* Notebookt */,
				7FB480B92C0DDDE600D59AAB /* NotebooktTests */,
				7FB480C32C0DDDE600D59AAB /* NotebooktUITests */,
			);
		};
/* End PBXProject section */

/* Begin PBXResourcesBuildPhase section */
		7FB4809F2C0DDDE500D59AAB /* Resources */ = {
			isa = PBXResourcesBuildPhase;
			buildActionMask = 2147483647;
			files = (
				7FB480B42C0DDDE600D59AAB /* LaunchScreen.storyboard in Resources */,
				7FB480B12C0DDDE600D59AAB /* Assets.xcassets in Resources */,
			);
			runOnlyForDeploymentPostprocessing = 0;
		};
		7FB480B82C0DDDE600D59AAB /* Resources */ = {
			isa = PBXResourcesBuildPhase;
			buildActionMask = 2147483647;
			files = (
			);
			runOnlyForDeploymentPostprocessing = 0;
		};
		7FB480C22C0DDDE600D59AAB /* Resources */ = {
			isa = PBXResourcesBuildPhase;
			buildActionMask = 2147483647;
			files = (
			);
			runOnlyForDeploymentPostprocessing = 0;
		};
/* End PBXResourcesBuildPhase section */

/* Begin PBXSourcesBuildPhase section */
		7FB4809D2C0DDDE500D59AAB /* Sources */ = {
			isa = PBXSourcesBuildPhase;
			buildActionMask = 2147483647;
			files = (
				7FB480A92C0DDDE500D59AAB /* ViewController.swift in Sources */,
				7FB480A52C0DDDE500D59AAB /* AppDelegate.swift in Sources */,
				7FB480DD2C0DE52B00D59AAB /* notesModelClass.swift in Sources */,
				7FB480E52C0DE76500D59AAB /* coreDataBase.swift in Sources */,
				7FB480DB2C0DE51000D59AAB /* notesBaseView.swift in Sources */,
				7FB480DF2C0DE57400D59AAB /* notesViewModel.swift in Sources */,
				7FB480A72C0DDDE500D59AAB /* SceneDelegate.swift in Sources */,
				7FB480AF2C0DDDE500D59AAB /* Notebookt.xcdatamodeld in Sources */,
			);
			runOnlyForDeploymentPostprocessing = 0;
		};
		7FB480B62C0DDDE600D59AAB /* Sources */ = {
			isa = PBXSourcesBuildPhase;
			buildActionMask = 2147483647;
			files = (
				7FB480BF2C0DDDE600D59AAB /* NotebooktTests.swift in Sources */,
			);
			runOnlyForDeploymentPostprocessing = 0;
		};
		7FB480C02C0DDDE600D59AAB /* Sources */ = {
			isa = PBXSourcesBuildPhase;
			buildActionMask = 2147483647;
			files = (
				7FB480CB2C0DDDE600D59AAB /* NotebooktUITestsLaunchTests.swift in Sources */,
				7FB480C92C0DDDE600D59AAB /* NotebooktUITests.swift in Sources */,
			);
			runOnlyForDeploymentPostprocessing = 0;
		};
/* End PBXSourcesBuildPhase section */

/* Begin PBXTargetDependency section */
		7FB480BC2C0DDDE600D59AAB /* PBXTargetDependency */ = {
			isa = PBXTargetDependency;
			target = 7FB480A02C0DDDE500D59AAB /* Notebookt */;
			targetProxy = 7FB480BB2C0DDDE600D59AAB /* PBXContainerItemProxy */;
		};
		7FB480C62C0DDDE600D59AAB /* PBXTargetDependency */ = {
			isa = PBXTargetDependency;
			target = 7FB480A02C0DDDE500D59AAB /* Notebookt */;
			targetProxy = 7FB480C52C0DDDE600D59AAB /* PBXContainerItemProxy */;
		};
/* End PBXTargetDependency section */

/* Begin PBXVariantGroup section */
		7FB480B22C0DDDE600D59AAB /* LaunchScreen.storyboard */ = {
			isa = PBXVariantGroup;
			children = (
				7FB480B32C0DDDE600D59AAB /* Base */,
			);
			name = LaunchScreen.storyboard;
			sourceTree = "<group>";
		};
/* End PBXVariantGroup section */

/* Begin XCBuildConfiguration section */
		7FB480CC2C0DDDE600D59AAB /* Debug */ = {
			isa = XCBuildConfiguration;
			buildSettings = {
				ALWAYS_SEARCH_USER_PATHS = NO;
				ASSETCATALOG_COMPILER_GENERATE_SWIFT_ASSET_SYMBOL_EXTENSIONS = YES;
				CLANG_ANALYZER_NONNULL = YES;
				CLANG_ANALYZER_NUMBER_OBJECT_CONVERSION = YES_AGGRESSIVE;
				CLANG_CXX_LANGUAGE_STANDARD = "gnu++20";
				CLANG_ENABLE_MODULES = YES;
				CLANG_ENABLE_OBJC_ARC = YES;
				CLANG_ENABLE_OBJC_WEAK = YES;
				CLANG_WARN_BLOCK_CAPTURE_AUTORELEASING = YES;
				CLANG_WARN_BOOL_CONVERSION = YES;
				CLANG_WARN_COMMA = YES;
				CLANG_WARN_CONSTANT_CONVERSION = YES;
				CLANG_WARN_DEPRECATED_OBJC_IMPLEMENTATIONS = YES;
				CLANG_WARN_DIRECT_OBJC_ISA_USAGE = YES_ERROR;
				CLANG_WARN_DOCUMENTATION_COMMENTS = YES;
				CLANG_WARN_EMPTY_BODY = YES;
				CLANG_WARN_ENUM_CONVERSION = YES;
				CLANG_WARN_INFINITE_RECURSION = YES;
				CLANG_WARN_INT_CONVERSION = YES;
				CLANG_WARN_NON_LITERAL_NULL_CONVERSION = YES;
				CLANG_WARN_OBJC_IMPLICIT_RETAIN_SELF = YES;
				CLANG_WARN_OBJC_LITERAL_CONVERSION = YES;
				CLANG_WARN_OBJC_ROOT_CLASS = YES_ERROR;
				CLANG_WARN_QUOTED_INCLUDE_IN_FRAMEWORK_HEADER = YES;
				CLANG_WARN_RANGE_LOOP_ANALYSIS = YES;
				CLANG_WARN_STRICT_PROTOTYPES = YES;
				CLANG_WARN_SUSPICIOUS_MOVE = YES;
				CLANG_WARN_UNGUARDED_AVAILABILITY = YES_AGGRESSIVE;
				CLANG_WARN_UNREACHABLE_CODE = YES;
				CLANG_WARN__DUPLICATE_METHOD_MATCH = YES;
				COPY_PHASE_STRIP = NO;
				DEBUG_INFORMATION_FORMAT = dwarf;
				ENABLE_STRICT_OBJC_MSGSEND = YES;
				ENABLE_TESTABILITY = YES;
				ENABLE_USER_SCRIPT_SANDBOXING = YES;
				GCC_C_LANGUAGE_STANDARD = gnu17;
				GCC_DYNAMIC_NO_PIC = NO;
				GCC_NO_COMMON_BLOCKS = YES;
				GCC_OPTIMIZATION_LEVEL = 0;
				GCC_PREPROCESSOR_DEFINITIONS = (
					"DEBUG=1",
					"$(inherited)",
				);
				GCC_WARN_64_TO_32_BIT_CONVERSION = YES;
				GCC_WARN_ABOUT_RETURN_TYPE = YES_ERROR;
				GCC_WARN_UNDECLARED_SELECTOR = YES;
				GCC_WARN_UNINITIALIZED_AUTOS = YES_AGGRESSIVE;
				GCC_WARN_UNUSED_FUNCTION = YES;
				GCC_WARN_UNUSED_VARIABLE = YES;
				IPHONEOS_DEPLOYMENT_TARGET = 17.0;
				LOCALIZATION_PREFERS_STRING_CATALOGS = YES;
				MTL_ENABLE_DEBUG_INFO = INCLUDE_SOURCE;
				MTL_FAST_MATH = YES;
				ONLY_ACTIVE_ARCH = YES;
				SDKROOT = iphoneos;
				SWIFT_ACTIVE_COMPILATION_CONDITIONS = "DEBUG $(inherited)";
				SWIFT_OPTIMIZATION_LEVEL = "-Onone";
			};
			name = Debug;
		};
		7FB480CD2C0DDDE600D59AAB /* Release */ = {
			isa = XCBuildConfiguration;
			buildSettings = {
				ALWAYS_SEARCH_USER_PATHS = NO;
				ASSETCATALOG_COMPILER_GENERATE_SWIFT_ASSET_SYMBOL_EXTENSIONS = YES;
				CLANG_ANALYZER_NONNULL = YES;
				CLANG_ANALYZER_NUMBER_OBJECT_CONVERSION = YES_AGGRESSIVE;
				CLANG_CXX_LANGUAGE_STANDARD = "gnu++20";
				CLANG_ENABLE_MODULES = YES;
				CLANG_ENABLE_OBJC_ARC = YES;
				CLANG_ENABLE_OBJC_WEAK = YES;
				CLANG_WARN_BLOCK_CAPTURE_AUTORELEASING = YES;
				CLANG_WARN_BOOL_CONVERSION = YES;
				CLANG_WARN_COMMA = YES;
				CLANG_WARN_CONSTANT_CONVERSION = YES;
				CLANG_WARN_DEPRECATED_OBJC_IMPLEMENTATIONS = YES;
				CLANG_WARN_DIRECT_OBJC_ISA_USAGE = YES_ERROR;
				CLANG_WARN_DOCUMENTATION_COMMENTS = YES;
				CLANG_WARN_EMPTY_BODY = YES;
				CLANG_WARN_ENUM_CONVERSION = YES;
				CLANG_WARN_INFINITE_RECURSION = YES;
				CLANG_WARN_INT_CONVERSION = YES;
				CLANG_WARN_NON_LITERAL_NULL_CONVERSION = YES;
				CLANG_WARN_OBJC_IMPLICIT_RETAIN_SELF = YES;
				CLANG_WARN_OBJC_LITERAL_CONVERSION = YES;
				CLANG_WARN_OBJC_ROOT_CLASS = YES_ERROR;
				CLANG_WARN_QUOTED_INCLUDE_IN_FRAMEWORK_HEADER = YES;
				CLANG_WARN_RANGE_LOOP_ANALYSIS = YES;
				CLANG_WARN_STRICT_PROTOTYPES = YES;
				CLANG_WARN_SUSPICIOUS_MOVE = YES;
				CLANG_WARN_UNGUARDED_AVAILABILITY = YES_AGGRESSIVE;
				CLANG_WARN_UNREACHABLE_CODE = YES;
				CLANG_WARN__DUPLICATE_METHOD_MATCH = YES;
				COPY_PHASE_STRIP = NO;
				DEBUG_INFORMATION_FORMAT = "dwarf-with-dsym";
				ENABLE_NS_ASSERTIONS = NO;
				ENABLE_STRICT_OBJC_MSGSEND = YES;
				ENABLE_USER_SCRIPT_SANDBOXING = YES;
				GCC_C_LANGUAGE_STANDARD = gnu17;
				GCC_NO_COMMON_BLOCKS = YES;
				GCC_WARN_64_TO_32_BIT_CONVERSION = YES;
				GCC_WARN_ABOUT_RETURN_TYPE = YES_ERROR;
				GCC_WARN_UNDECLARED_SELECTOR = YES;
				GCC_WARN_UNINITIALIZED_AUTOS = YES_AGGRESSIVE;
				GCC_WARN_UNUSED_FUNCTION = YES;
				GCC_WARN_UNUSED_VARIABLE = YES;
				IPHONEOS_DEPLOYMENT_TARGET = 17.0;
				LOCALIZATION_PREFERS_STRING_CATALOGS = YES;
				MTL_ENABLE_DEBUG_INFO = NO;
				MTL_FAST_MATH = YES;
				SDKROOT = iphoneos;
				SWIFT_COMPILATION_MODE = wholemodule;
				VALIDATE_PRODUCT = YES;
			};
			name = Release;
		};
		7FB480CF2C0DDDE600D59AAB /* Debug */ = {
			isa = XCBuildConfiguration;
			buildSettings = {
				ASSETCATALOG_COMPILER_APPICON_NAME = AppIcon;
				ASSETCATALOG_COMPILER_GLOBAL_ACCENT_COLOR_NAME = AccentColor;
				CODE_SIGN_STYLE = Automatic;
				CURRENT_PROJECT_VERSION = 1;
				DEVELOPMENT_TEAM = S9H8WZG98K;
				GENERATE_INFOPLIST_FILE = YES;
				INFOPLIST_FILE = Notebookt/Info.plist;
				INFOPLIST_KEY_UIApplicationSupportsIndirectInputEvents = YES;
				INFOPLIST_KEY_UILaunchStoryboardName = LaunchScreen;
				INFOPLIST_KEY_UIMainStoryboardFile = "";
				INFOPLIST_KEY_UISupportedInterfaceOrientations_iPad = "UIInterfaceOrientationPortrait UIInterfaceOrientationPortraitUpsideDown UIInterfaceOrientationLandscapeLeft UIInterfaceOrientationLandscapeRight";
				INFOPLIST_KEY_UISupportedInterfaceOrientations_iPhone = "UIInterfaceOrientationPortrait UIInterfaceOrientationLandscapeLeft UIInterfaceOrientationLandscapeRight";
				LD_RUNPATH_SEARCH_PATHS = (
					"$(inherited)",
					"@executable_path/Frameworks",
				);
				MARKETING_VERSION = 1.0;
				PRODUCT_BUNDLE_IDENTIFIER = pod.Notebookt;
				PRODUCT_NAME = "$(TARGET_NAME)";
				SWIFT_EMIT_LOC_STRINGS = YES;
				SWIFT_VERSION = 5.0;
				TARGETED_DEVICE_FAMILY = "1,2";
			};
			name = Debug;
		};
		7FB480D02C0DDDE600D59AAB /* Release */ = {
			isa = XCBuildConfiguration;
			buildSettings = {
				ASSETCATALOG_COMPILER_APPICON_NAME = AppIcon;
				ASSETCATALOG_COMPILER_GLOBAL_ACCENT_COLOR_NAME = AccentColor;
				CODE_SIGN_STYLE = Automatic;
				CURRENT_PROJECT_VERSION = 1;
				DEVELOPMENT_TEAM = S9H8WZG98K;
				GENERATE_INFOPLIST_FILE = YES;
				INFOPLIST_FILE = Notebookt/Info.plist;
				INFOPLIST_KEY_UIApplicationSupportsIndirectInputEvents = YES;
				INFOPLIST_KEY_UILaunchStoryboardName = LaunchScreen;
				INFOPLIST_KEY_UIMainStoryboardFile = "";
				INFOPLIST_KEY_UISupportedInterfaceOrientations_iPad = "UIInterfaceOrientationPortrait UIInterfaceOrientationPortraitUpsideDown UIInterfaceOrientationLandscapeLeft UIInterfaceOrientationLandscapeRight";
				INFOPLIST_KEY_UISupportedInterfaceOrientations_iPhone = "UIInterfaceOrientationPortrait UIInterfaceOrientationLandscapeLeft UIInterfaceOrientationLandscapeRight";
				LD_RUNPATH_SEARCH_PATHS = (
					"$(inherited)",
					"@executable_path/Frameworks",
				);
				MARKETING_VERSION = 1.0;
				PRODUCT_BUNDLE_IDENTIFIER = pod.Notebookt;
				PRODUCT_NAME = "$(TARGET_NAME)";
				SWIFT_EMIT_LOC_STRINGS = YES;
				SWIFT_VERSION = 5.0;
				TARGETED_DEVICE_FAMILY = "1,2";
			};
			name = Release;
		};
		7FB480D22C0DDDE600D59AAB /* Debug */ = {
			isa = XCBuildConfiguration;
			buildSettings = {
				ALWAYS_EMBED_SWIFT_STANDARD_LIBRARIES = YES;
				BUNDLE_LOADER = "$(TEST_HOST)";
				CODE_SIGN_STYLE = Automatic;
				CURRENT_PROJECT_VERSION = 1;
				DEVELOPMENT_TEAM = S9H8WZG98K;
				GENERATE_INFOPLIST_FILE = YES;
				IPHONEOS_DEPLOYMENT_TARGET = 17.0;
				MARKETING_VERSION = 1.0;
				PRODUCT_BUNDLE_IDENTIFIER = pod.NotebooktTests;
				PRODUCT_NAME = "$(TARGET_NAME)";
				SWIFT_EMIT_LOC_STRINGS = NO;
				SWIFT_VERSION = 5.0;
				TARGETED_DEVICE_FAMILY = "1,2";
				TEST_HOST = "$(BUILT_PRODUCTS_DIR)/Notebookt.app/$(BUNDLE_EXECUTABLE_FOLDER_PATH)/Notebookt";
			};
			name = Debug;
		};
		7FB480D32C0DDDE600D59AAB /* Release */ = {
			isa = XCBuildConfiguration;
			buildSettings = {
				ALWAYS_EMBED_SWIFT_STANDARD_LIBRARIES = YES;
				BUNDLE_LOADER = "$(TEST_HOST)";
				CODE_SIGN_STYLE = Automatic;
				CURRENT_PROJECT_VERSION = 1;
				DEVELOPMENT_TEAM = S9H8WZG98K;
				GENERATE_INFOPLIST_FILE = YES;
				IPHONEOS_DEPLOYMENT_TARGET = 17.0;
				MARKETING_VERSION = 1.0;
				PRODUCT_BUNDLE_IDENTIFIER = pod.NotebooktTests;
				PRODUCT_NAME = "$(TARGET_NAME)";
				SWIFT_EMIT_LOC_STRINGS = NO;
				SWIFT_VERSION = 5.0;
				TARGETED_DEVICE_FAMILY = "1,2";
				TEST_HOST = "$(BUILT_PRODUCTS_DIR)/Notebookt.app/$(BUNDLE_EXECUTABLE_FOLDER_PATH)/Notebookt";
			};
			name = Release;
		};
		7FB480D52C0DDDE600D59AAB /* Debug */ = {
			isa = XCBuildConfiguration;
			buildSettings = {
				ALWAYS_EMBED_SWIFT_STANDARD_LIBRARIES = YES;
				CODE_SIGN_STYLE = Automatic;
				CURRENT_PROJECT_VERSION = 1;
				DEVELOPMENT_TEAM = S9H8WZG98K;
				GENERATE_INFOPLIST_FILE = YES;
				MARKETING_VERSION = 1.0;
				PRODUCT_BUNDLE_IDENTIFIER = pod.NotebooktUITests;
				PRODUCT_NAME = "$(TARGET_NAME)";
				SWIFT_EMIT_LOC_STRINGS = NO;
				SWIFT_VERSION = 5.0;
				TARGETED_DEVICE_FAMILY = "1,2";
				TEST_TARGET_NAME = Notebookt;
			};
			name = Debug;
		};
		7FB480D62C0DDDE600D59AAB /* Release */ = {
			isa = XCBuildConfiguration;
			buildSettings = {
				ALWAYS_EMBED_SWIFT_STANDARD_LIBRARIES = YES;
				CODE_SIGN_STYLE = Automatic;
				CURRENT_PROJECT_VERSION = 1;
				DEVELOPMENT_TEAM = S9H8WZG98K;
				GENERATE_INFOPLIST_FILE = YES;
				MARKETING_VERSION = 1.0;
				PRODUCT_BUNDLE_IDENTIFIER = pod.NotebooktUITests;
				PRODUCT_NAME = "$(TARGET_NAME)";
				SWIFT_EMIT_LOC_STRINGS = NO;
				SWIFT_VERSION = 5.0;
				TARGETED_DEVICE_FAMILY = "1,2";
				TEST_TARGET_NAME = Notebookt;
			};
			name = Release;
		};
/* End XCBuildConfiguration section */

/* Begin XCConfigurationList section */
		7FB4809C2C0DDDE500D59AAB /* Build configuration list for PBXProject "Notebookt" */ = {
			isa = XCConfigurationList;
			buildConfigurations = (
				7FB480CC2C0DDDE600D59AAB /* Debug */,
				7FB480CD2C0DDDE600D59AAB /* Release */,
			);
			defaultConfigurationIsVisible = 0;
			defaultConfigurationName = Release;
		};
		7FB480CE2C0DDDE600D59AAB /* Build configuration list for PBXNativeTarget "Notebookt" */ = {
			isa = XCConfigurationList;
			buildConfigurations = (
				7FB480CF2C0DDDE600D59AAB /* Debug */,
				7FB480D02C0DDDE600D59AAB /* Release */,
			);
			defaultConfigurationIsVisible = 0;
			defaultConfigurationName = Release;
		};
		7FB480D12C0DDDE600D59AAB /* Build configuration list for PBXNativeTarget "NotebooktTests" */ = {
			isa = XCConfigurationList;
			buildConfigurations = (
				7FB480D22C0DDDE600D59AAB /* Debug */,
				7FB480D32C0DDDE600D59AAB /* Release */,
			);
			defaultConfigurationIsVisible = 0;
			defaultConfigurationName = Release;
		};
		7FB480D42C0DDDE600D59AAB /* Build configuration list for PBXNativeTarget "NotebooktUITests" */ = {
			isa = XCConfigurationList;
			buildConfigurations = (
				7FB480D52C0DDDE600D59AAB /* Debug */,
				7FB480D62C0DDDE600D59AAB /* Release */,
			);
			defaultConfigurationIsVisible = 0;
			defaultConfigurationName = Release;
		};
/* End XCConfigurationList section */

/* Begin XCVersionGroup section */
		7FB480AD2C0DDDE500D59AAB /* Notebookt.xcdatamodeld */ = {
			isa = XCVersionGroup;
			children = (
				7FB480AE2C0DDDE500D59AAB /* Notebookt.xcdatamodel */,
			);
			currentVersion = 7FB480AE2C0DDDE500D59AAB /* Notebookt.xcdatamodel */;
			path = Notebookt.xcdatamodeld;
			sourceTree = "<group>";
			versionGroupType = wrapper.xcdatamodel;
		};
/* End XCVersionGroup section */
	};
	rootObject = 7FB480992C0DDDE500D59AAB /* Project object */;
}
